
Microsoft Visual Studio Solution File, Format Version 12.00
# Visual Studio Version 16
VisualStudioVersion = 16.0.30711.63
MinimumVisualStudioVersion = 10.0.40219.1
Project("{2150E333-8FDC-42A3-9474-1A3956D46DE8}") = "Solution Items", "Solution Items", "{ACD91044-3B8A-4801-BEE6-B5689D4B2FB3}"
	ProjectSection(SolutionItems) = preProject
		..\.gitignore = ..\.gitignore
		assembly.props = assembly.props
		..\README.md = ..\README.md
	EndProjectSection
EndProject
Project("{E53339B2-1760-4266-BCC7-CA923CBCF16C}") = "docker-compose", "docker-compose.dcproj", "{95CA9649-35E7-420B-A2BC-28898D4AEBF6}"
EndProject
Project("{9A19103F-16F7-4668-BE54-9A1E7A4F7556}") = "Web", "Web\Web.csproj", "{5D3325BF-2A70-468D-A4D0-37FF5FC85836}"
EndProject
Global
	GlobalSection(SolutionConfigurationPlatforms) = preSolution
		Debug|Any CPU = Debug|Any CPU
		Release|Any CPU = Release|Any CPU
	EndGlobalSection
	GlobalSection(ProjectConfigurationPlatforms) = postSolution
		{95CA9649-35E7-420B-A2BC-28898D4AEBF6}.Debug|Any CPU.ActiveCfg = Debug|Any CPU
		{95CA9649-35E7-420B-A2BC-28898D4AEBF6}.Debug|Any CPU.Build.0 = Debug|Any CPU
		{95CA9649-35E7-420B-A2BC-28898D4AEBF6}.Release|Any CPU.ActiveCfg = Release|Any CPU
		{95CA9649-35E7-420B-A2BC-28898D4AEBF6}.Release|Any CPU.Build.0 = Release|Any CPU
		{5D3325BF-2A70-468D-A4D0-37FF5FC85836}.Debug|Any CPU.ActiveCfg = Debug|Any CPU
		{5D3325BF-2A70-468D-A4D0-37FF5FC85836}.Debug|Any CPU.Build.0 = Debug|Any CPU
		{5D3325BF-2A70-468D-A4D0-37FF5FC85836}.Release|Any CPU.ActiveCfg = Release|Any CPU
		{5D3325BF-2A70-468D-A4D0-37FF5FC85836}.Release|Any CPU.Build.0 = Release|Any CPU
	EndGlobalSection
	GlobalSection(SolutionProperties) = preSolution
		HideSolutionNode = FALSE
	EndGlobalSection
	GlobalSection(ExtensibilityGlobals) = postSolution
		SolutionGuid = {4CF43157-DC1D-463E-8E43-49ADB81EEB9A}
	EndGlobalSection
EndGlobal
